// !$*UTF8*$!
{
	archiveVersion = 1;
	classes = {
	};
	objectVersion = 48;
	objects = {

/* Begin PBXBuildFile section */
		4369E1BE2051CC7A005577B2 /* AppDelegate.m in Sources */ = {isa = PBXBuildFile; fileRef = 4369E1BD2051CC7A005577B2 /* AppDelegate.m */; };
		4369E1C12051CC7A005577B2 /* RockTracksViewController.m in Sources */ = {isa = PBXBuildFile; fileRef = 4369E1C02051CC7A005577B2 /* RockTracksViewController.m */; };
		4369E1C42051CC7A005577B2 /* Main.storyboard in Resources */ = {isa = PBXBuildFile; fileRef = 4369E1C22051CC7A005577B2 /* Main.storyboard */; };
		4369E1C62051CC7A005577B2 /* Assets.xcassets in Resources */ = {isa = PBXBuildFile; fileRef = 4369E1C52051CC7A005577B2 /* Assets.xcassets */; };
		4369E1C92051CC7A005577B2 /* LaunchScreen.storyboard in Resources */ = {isa = PBXBuildFile; fileRef = 4369E1C72051CC7A005577B2 /* LaunchScreen.storyboard */; };
		4369E1CC2051CC7A005577B2 /* main.m in Sources */ = {isa = PBXBuildFile; fileRef = 4369E1CB2051CC7A005577B2 /* main.m */; };
		4369E1D62051CC7A005577B2 /* Rock_TracksTests.m in Sources */ = {isa = PBXBuildFile; fileRef = 4369E1D52051CC7A005577B2 /* Rock_TracksTests.m */; };
		4369E1E12051CC7A005577B2 /* Rock_TracksUITests.m in Sources */ = {isa = PBXBuildFile; fileRef = 4369E1E02051CC7A005577B2 /* Rock_TracksUITests.m */; };
		4369E1F32051CE75005577B2 /* RockTracksAPI.m in Sources */ = {isa = PBXBuildFile; fileRef = 4369E1F22051CE75005577B2 /* RockTracksAPI.m */; };
		4369E1F62051CEC6005577B2 /* TrackModel.m in Sources */ = {isa = PBXBuildFile; fileRef = 4369E1F52051CEC6005577B2 /* TrackModel.m */; };
		43C449A520520A2200720A6E /* TrackCell.m in Sources */ = {isa = PBXBuildFile; fileRef = 43C449A420520A2200720A6E /* TrackCell.m */; };
		43C449A820520AA100720A6E /* SingleTrackViewController.m in Sources */ = {isa = PBXBuildFile; fileRef = 43C449A720520AA100720A6E /* SingleTrackViewController.m */; };
/* End PBXBuildFile section */

/* Begin PBXContainerItemProxy section */
		4369E1D22051CC7A005577B2 /* PBXContainerItemProxy */ = {
			isa = PBXContainerItemProxy;
			containerPortal = 4369E1B12051CC7A005577B2 /* Project object */;
			proxyType = 1;
			remoteGlobalIDString = 4369E1B82051CC7A005577B2;
			remoteInfo = "Rock Tracks";
		};
		4369E1DD2051CC7A005577B2 /* PBXContainerItemProxy */ = {
			isa = PBXContainerItemProxy;
			containerPortal = 4369E1B12051CC7A005577B2 /* Project object */;
			proxyType = 1;
			remoteGlobalIDString = 4369E1B82051CC7A005577B2;
			remoteInfo = "Rock Tracks";
		};
/* End PBXContainerItemProxy section */

/* Begin PBXFileReference section */
		4369E1B92051CC7A005577B2 /* Rock Tracks.app */ = {isa = PBXFileReference; explicitFileType = wrapper.application; includeInIndex = 0; path = "Rock Tracks.app"; sourceTree = BUILT_PRODUCTS_DIR; };
		4369E1BC2051CC7A005577B2 /* AppDelegate.h */ = {isa = PBXFileReference; lastKnownFileType = sourcecode.c.h; path = AppDelegate.h; sourceTree = "<group>"; };
		4369E1BD2051CC7A005577B2 /* AppDelegate.m */ = {isa = PBXFileReference; lastKnownFileType = sourcecode.c.objc; path = AppDelegate.m; sourceTree = "<group>"; };
		4369E1BF2051CC7A005577B2 /* RockTracksViewController.h */ = {isa = PBXFileReference; lastKnownFileType = sourcecode.c.h; path = RockTracksViewController.h; sourceTree = "<group>"; };
		4369E1C02051CC7A005577B2 /* RockTracksViewController.m */ = {isa = PBXFileReference; lastKnownFileType = sourcecode.c.objc; path = RockTracksViewController.m; sourceTree = "<group>"; };
		4369E1C32051CC7A005577B2 /* Base */ = {isa = PBXFileReference; lastKnownFileType = file.storyboard; name = Base; path = Base.lproj/Main.storyboard; sourceTree = "<group>"; };
		4369E1C52051CC7A005577B2 /* Assets.xcassets */ = {isa = PBXFileReference; lastKnownFileType = folder.assetcatalog; path = Assets.xcassets; sourceTree = "<group>"; };
		4369E1C82051CC7A005577B2 /* Base */ = {isa = PBXFileReference; lastKnownFileType = file.storyboard; name = Base; path = Base.lproj/LaunchScreen.storyboard; sourceTree = "<group>"; };
		4369E1CA2051CC7A005577B2 /* Info.plist */ = {isa = PBXFileReference; lastKnownFileType = text.plist.xml; path = Info.plist; sourceTree = "<group>"; };
		4369E1CB2051CC7A005577B2 /* main.m */ = {isa = PBXFileReference; lastKnownFileType = sourcecode.c.objc; path = main.m; sourceTree = "<group>"; };
		4369E1D12051CC7A005577B2 /* Rock TracksTests.xctest */ = {isa = PBXFileReference; explicitFileType = wrapper.cfbundle; includeInIndex = 0; path = "Rock TracksTests.xctest"; sourceTree = BUILT_PRODUCTS_DIR; };
		4369E1D52051CC7A005577B2 /* Rock_TracksTests.m */ = {isa = PBXFileReference; lastKnownFileType = sourcecode.c.objc; path = Rock_TracksTests.m; sourceTree = "<group>"; };
		4369E1D72051CC7A005577B2 /* Info.plist */ = {isa = PBXFileReference; lastKnownFileType = text.plist.xml; path = Info.plist; sourceTree = "<group>"; };
		4369E1DC2051CC7A005577B2 /* Rock TracksUITests.xctest */ = {isa = PBXFileReference; explicitFileType = wrapper.cfbundle; includeInIndex = 0; path = "Rock TracksUITests.xctest"; sourceTree = BUILT_PRODUCTS_DIR; };
		4369E1E02051CC7A005577B2 /* Rock_TracksUITests.m */ = {isa = PBXFileReference; lastKnownFileType = sourcecode.c.objc; path = Rock_TracksUITests.m; sourceTree = "<group>"; };
		4369E1E22051CC7A005577B2 /* Info.plist */ = {isa = PBXFileReference; lastKnownFileType = text.plist.xml; path = Info.plist; sourceTree = "<group>"; };
		4369E1F12051CE75005577B2 /* RockTracksAPI.h */ = {isa = PBXFileReference; lastKnownFileType = sourcecode.c.h; path = RockTracksAPI.h; sourceTree = "<group>"; };
		4369E1F22051CE75005577B2 /* RockTracksAPI.m */ = {isa = PBXFileReference; lastKnownFileType = sourcecode.c.objc; path = RockTracksAPI.m; sourceTree = "<group>"; };
		4369E1F42051CEC6005577B2 /* TrackModel.h */ = {isa = PBXFileReference; lastKnownFileType = sourcecode.c.h; path = TrackModel.h; sourceTree = "<group>"; };
		4369E1F52051CEC6005577B2 /* TrackModel.m */ = {isa = PBXFileReference; lastKnownFileType = sourcecode.c.objc; path = TrackModel.m; sourceTree = "<group>"; };
		43C449A320520A2200720A6E /* TrackCell.h */ = {isa = PBXFileReference; lastKnownFileType = sourcecode.c.h; path = TrackCell.h; sourceTree = "<group>"; };
		43C449A420520A2200720A6E /* TrackCell.m */ = {isa = PBXFileReference; lastKnownFileType = sourcecode.c.objc; path = TrackCell.m; sourceTree = "<group>"; };
		43C449A620520AA100720A6E /* SingleTrackViewController.h */ = {isa = PBXFileReference; lastKnownFileType = sourcecode.c.h; path = SingleTrackViewController.h; sourceTree = "<group>"; };
		43C449A720520AA100720A6E /* SingleTrackViewController.m */ = {isa = PBXFileReference; lastKnownFileType = sourcecode.c.objc; path = SingleTrackViewController.m; sourceTree = "<group>"; };
/* End PBXFileReference section */

/* Begin PBXFrameworksBuildPhase section */
		4369E1B62051CC7A005577B2 /* Frameworks */ = {
			isa = PBXFrameworksBuildPhase;
			buildActionMask = 2147483647;
			files = (
			);
			runOnlyForDeploymentPostprocessing = 0;
		};
		4369E1CE2051CC7A005577B2 /* Frameworks */ = {
			isa = PBXFrameworksBuildPhase;
			buildActionMask = 2147483647;
			files = (
			);
			runOnlyForDeploymentPostprocessing = 0;
		};
		4369E1D92051CC7A005577B2 /* Frameworks */ = {
			isa = PBXFrameworksBuildPhase;
			buildActionMask = 2147483647;
			files = (
			);
			runOnlyForDeploymentPostprocessing = 0;
		};
/* End PBXFrameworksBuildPhase section */

/* Begin PBXGroup section */
		4369E1B02051CC7A005577B2 = {
			isa = PBXGroup;
			children = (
				4369E1BB2051CC7A005577B2 /* Rock Tracks */,
				4369E1D42051CC7A005577B2 /* Rock TracksTests */,
				4369E1DF2051CC7A005577B2 /* Rock TracksUITests */,
				4369E1BA2051CC7A005577B2 /* Products */,
			);
			sourceTree = "<group>";
		};
		4369E1BA2051CC7A005577B2 /* Products */ = {
			isa = PBXGroup;
			children = (
				4369E1B92051CC7A005577B2 /* Rock Tracks.app */,
				4369E1D12051CC7A005577B2 /* Rock TracksTests.xctest */,
				4369E1DC2051CC7A005577B2 /* Rock TracksUITests.xctest */,
			);
			name = Products;
			sourceTree = "<group>";
		};
		4369E1BB2051CC7A005577B2 /* Rock Tracks */ = {
			isa = PBXGroup;
			children = (
				4369E1F02051CDCD005577B2 /* Models */,
				4369E1EF2051CDB9005577B2 /* Cells */,
				4369E1EE2051CDAB005577B2 /* APIs */,
				4369E1BC2051CC7A005577B2 /* AppDelegate.h */,
				4369E1BD2051CC7A005577B2 /* AppDelegate.m */,
				4369E1BF2051CC7A005577B2 /* RockTracksViewController.h */,
				4369E1C02051CC7A005577B2 /* RockTracksViewController.m */,
				43C449A620520AA100720A6E /* SingleTrackViewController.h */,
				43C449A720520AA100720A6E /* SingleTrackViewController.m */,
				4369E1C22051CC7A005577B2 /* Main.storyboard */,
				4369E1C52051CC7A005577B2 /* Assets.xcassets */,
				4369E1C72051CC7A005577B2 /* LaunchScreen.storyboard */,
				4369E1CA2051CC7A005577B2 /* Info.plist */,
				4369E1CB2051CC7A005577B2 /* main.m */,
			);
			path = "Rock Tracks";
			sourceTree = "<group>";
		};
		4369E1D42051CC7A005577B2 /* Rock TracksTests */ = {
			isa = PBXGroup;
			children = (
				4369E1D52051CC7A005577B2 /* Rock_TracksTests.m */,
				4369E1D72051CC7A005577B2 /* Info.plist */,
			);
			path = "Rock TracksTests";
			sourceTree = "<group>";
		};
		4369E1DF2051CC7A005577B2 /* Rock TracksUITests */ = {
			isa = PBXGroup;
			children = (
				4369E1E02051CC7A005577B2 /* Rock_TracksUITests.m */,
				4369E1E22051CC7A005577B2 /* Info.plist */,
			);
			path = "Rock TracksUITests";
			sourceTree = "<group>";
		};
		4369E1EE2051CDAB005577B2 /* APIs */ = {
			isa = PBXGroup;
			children = (
				4369E1F12051CE75005577B2 /* RockTracksAPI.h */,
				4369E1F22051CE75005577B2 /* RockTracksAPI.m */,
			);
			path = APIs;
			sourceTree = "<group>";
		};
		4369E1EF2051CDB9005577B2 /* Cells */ = {
			isa = PBXGroup;
			children = (
				43C449A320520A2200720A6E /* TrackCell.h */,
				43C449A420520A2200720A6E /* TrackCell.m */,
			);
			path = Cells;
			sourceTree = "<group>";
		};
		4369E1F02051CDCD005577B2 /* Models */ = {
			isa = PBXGroup;
			children = (
				4369E1F42051CEC6005577B2 /* TrackModel.h */,
				4369E1F52051CEC6005577B2 /* TrackModel.m */,
			);
			path = Models;
			sourceTree = "<group>";
		};
/* End PBXGroup section */

/* Begin PBXNativeTarget section */
		4369E1B82051CC7A005577B2 /* Rock Tracks */ = {
			isa = PBXNativeTarget;
			buildConfigurationList = 4369E1E52051CC7A005577B2 /* Build configuration list for PBXNativeTarget "Rock Tracks" */;
			buildPhases = (
				4369E1B52051CC7A005577B2 /* Sources */,
				4369E1B62051CC7A005577B2 /* Frameworks */,
				4369E1B72051CC7A005577B2 /* Resources */,
			);
			buildRules = (
			);
			dependencies = (
			);
			name = "Rock Tracks";
			productName = "Rock Tracks";
			productReference = 4369E1B92051CC7A005577B2 /* Rock Tracks.app */;
			productType = "com.apple.product-type.application";
		};
		4369E1D02051CC7A005577B2 /* Rock TracksTests */ = {
			isa = PBXNativeTarget;
			buildConfigurationList = 4369E1E82051CC7A005577B2 /* Build configuration list for PBXNativeTarget "Rock TracksTests" */;
			buildPhases = (
				4369E1CD2051CC7A005577B2 /* Sources */,
				4369E1CE2051CC7A005577B2 /* Frameworks */,
				4369E1CF2051CC7A005577B2 /* Resources */,
			);
			buildRules = (
			);
			dependencies = (
				4369E1D32051CC7A005577B2 /* PBXTargetDependency */,
			);
			name = "Rock TracksTests";
			productName = "Rock TracksTests";
			productReference = 4369E1D12051CC7A005577B2 /* Rock TracksTests.xctest */;
			productType = "com.apple.product-type.bundle.unit-test";
		};
		4369E1DB2051CC7A005577B2 /* Rock TracksUITests */ = {
			isa = PBXNativeTarget;
			buildConfigurationList = 4369E1EB2051CC7A005577B2 /* Build configuration list for PBXNativeTarget "Rock TracksUITests" */;
			buildPhases = (
				4369E1D82051CC7A005577B2 /* Sources */,
				4369E1D92051CC7A005577B2 /* Frameworks */,
				4369E1DA2051CC7A005577B2 /* Resources */,
			);
			buildRules = (
			);
			dependencies = (
				4369E1DE2051CC7A005577B2 /* PBXTargetDependency */,
			);
			name = "Rock TracksUITests";
			productName = "Rock TracksUITests";
			productReference = 4369E1DC2051CC7A005577B2 /* Rock TracksUITests.xctest */;
			productType = "com.apple.product-type.bundle.ui-testing";
		};
/* End PBXNativeTarget section */

/* Begin PBXProject section */
		4369E1B12051CC7A005577B2 /* Project object */ = {
			isa = PBXProject;
			attributes = {
				LastUpgradeCheck = 0920;
				ORGANIZATIONNAME = "Bogdan Rapea";
				TargetAttributes = {
					4369E1B82051CC7A005577B2 = {
						CreatedOnToolsVersion = 9.2;
						ProvisioningStyle = Automatic;
					};
					4369E1D02051CC7A005577B2 = {
						CreatedOnToolsVersion = 9.2;
						ProvisioningStyle = Automatic;
						TestTargetID = 4369E1B82051CC7A005577B2;
					};
					4369E1DB2051CC7A005577B2 = {
						CreatedOnToolsVersion = 9.2;
						ProvisioningStyle = Automatic;
						TestTargetID = 4369E1B82051CC7A005577B2;
					};
				};
			};
			buildConfigurationList = 4369E1B42051CC7A005577B2 /* Build configuration list for PBXProject "Rock Tracks" */;
			compatibilityVersion = "Xcode 8.0";
			developmentRegion = en;
			hasScannedForEncodings = 0;
			knownRegions = (
				en,
				Base,
			);
			mainGroup = 4369E1B02051CC7A005577B2;
			productRefGroup = 4369E1BA2051CC7A005577B2 /* Products */;
			projectDirPath = "";
			projectRoot = "";
			targets = (
				4369E1B82051CC7A005577B2 /* Rock Tracks */,
				4369E1D02051CC7A005577B2 /* Rock TracksTests */,
				4369E1DB2051CC7A005577B2 /* Rock TracksUITests */,
			);
		};
/* End PBXProject section */

/* Begin PBXResourcesBuildPhase section */
		4369E1B72051CC7A005577B2 /* Resources */ = {
			isa = PBXResourcesBuildPhase;
			buildActionMask = 2147483647;
			files = (
				4369E1C92051CC7A005577B2 /* LaunchScreen.storyboard in Resources */,
				4369E1C62051CC7A005577B2 /* Assets.xcassets in Resources */,
				4369E1C42051CC7A005577B2 /* Main.storyboard in Resources */,
			);
			runOnlyForDeploymentPostprocessing = 0;
		};
		4369E1CF2051CC7A005577B2 /* Resources */ = {
			isa = PBXResourcesBuildPhase;
			buildActionMask = 2147483647;
			files = (
			);
			runOnlyForDeploymentPostprocessing = 0;
		};
		4369E1DA2051CC7A005577B2 /* Resources */ = {
			isa = PBXResourcesBuildPhase;
			buildActionMask = 2147483647;
			files = (
			);
			runOnlyForDeploymentPostprocessing = 0;
		};
/* End PBXResourcesBuildPhase section */

/* Begin PBXSourcesBuildPhase section */
		4369E1B52051CC7A005577B2 /* Sources */ = {
			isa = PBXSourcesBuildPhase;
			buildActionMask = 2147483647;
			files = (
				4369E1C12051CC7A005577B2 /* RockTracksViewController.m in Sources */,
				4369E1CC2051CC7A005577B2 /* main.m in Sources */,
				4369E1BE2051CC7A005577B2 /* AppDelegate.m in Sources */,
				43C449A820520AA100720A6E /* SingleTrackViewController.m in Sources */,
				4369E1F62051CEC6005577B2 /* TrackModel.m in Sources */,
				4369E1F32051CE75005577B2 /* RockTracksAPI.m in Sources */,
				43C449A520520A2200720A6E /* TrackCell.m in Sources */,
			);
			runOnlyForDeploymentPostprocessing = 0;
		};
		4369E1CD2051CC7A005577B2 /* Sources */ = {
			isa = PBXSourcesBuildPhase;
			buildActionMask = 2147483647;
			files = (
				4369E1D62051CC7A005577B2 /* Rock_TracksTests.m in Sources */,
			);
			runOnlyForDeploymentPostprocessing = 0;
		};
		4369E1D82051CC7A005577B2 /* Sources */ = {
			isa = PBXSourcesBuildPhase;
			buildActionMask = 2147483647;
			files = (
				4369E1E12051CC7A005577B2 /* Rock_TracksUITests.m in Sources */,
			);
			runOnlyForDeploymentPostprocessing = 0;
		};
/* End PBXSourcesBuildPhase section */

/* Begin PBXTargetDependency section */
		4369E1D32051CC7A005577B2 /* PBXTargetDependency */ = {
			isa = PBXTargetDependency;
			target = 4369E1B82051CC7A005577B2 /* Rock Tracks */;
			targetProxy = 4369E1D22051CC7A005577B2 /* PBXContainerItemProxy */;
		};
		4369E1DE2051CC7A005577B2 /* PBXTargetDependency */ = {
			isa = PBXTargetDependency;
			target = 4369E1B82051CC7A005577B2 /* Rock Tracks */;
			targetProxy = 4369E1DD2051CC7A005577B2 /* PBXContainerItemProxy */;
		};
/* End PBXTargetDependency section */

/* Begin PBXVariantGroup section */
		4369E1C22051CC7A005577B2 /* Main.storyboard */ = {
			isa = PBXVariantGroup;
			children = (
				4369E1C32051CC7A005577B2 /* Base */,
			);
			name = Main.storyboard;
			sourceTree = "<group>";
		};
		4369E1C72051CC7A005577B2 /* LaunchScreen.storyboard */ = {
			isa = PBXVariantGroup;
			children = (
				4369E1C82051CC7A005577B2 /* Base */,
			);
			name = LaunchScreen.storyboard;
			sourceTree = "<group>";
		};
/* End PBXVariantGroup section */

/* Begin XCBuildConfiguration section */
		4369E1E32051CC7A005577B2 /* Debug */ = {
			isa = XCBuildConfiguration;
			buildSettings = {
				ALWAYS_SEARCH_USER_PATHS = NO;
				CLANG_ANALYZER_NONNULL = YES;
				CLANG_ANALYZER_NUMBER_OBJECT_CONVERSION = YES_AGGRESSIVE;
				CLANG_CXX_LANGUAGE_STANDARD = "gnu++14";
				CLANG_CXX_LIBRARY = "libc++";
				CLANG_ENABLE_MODULES = YES;
				CLANG_ENABLE_OBJC_ARC = YES;
				CLANG_WARN_BLOCK_CAPTURE_AUTORELEASING = YES;
				CLANG_WARN_BOOL_CONVERSION = YES;
				CLANG_WARN_COMMA = YES;
				CLANG_WARN_CONSTANT_CONVERSION = YES;
				CLANG_WARN_DIRECT_OBJC_ISA_USAGE = YES_ERROR;
				CLANG_WARN_DOCUMENTATION_COMMENTS = YES;
				CLANG_WARN_EMPTY_BODY = YES;
				CLANG_WARN_ENUM_CONVERSION = YES;
				CLANG_WARN_INFINITE_RECURSION = YES;
				CLANG_WARN_INT_CONVERSION = YES;
				CLANG_WARN_NON_LITERAL_NULL_CONVERSION = YES;
				CLANG_WARN_OBJC_LITERAL_CONVERSION = YES;
				CLANG_WARN_OBJC_ROOT_CLASS = YES_ERROR;
				CLANG_WARN_RANGE_LOOP_ANALYSIS = YES;
				CLANG_WARN_STRICT_PROTOTYPES = YES;
				CLANG_WARN_SUSPICIOUS_MOVE = YES;
				CLANG_WARN_UNGUARDED_AVAILABILITY = YES_AGGRESSIVE;
				CLANG_WARN_UNREACHABLE_CODE = YES;
				CLANG_WARN__DUPLICATE_METHOD_MATCH = YES;
				CODE_SIGN_IDENTITY = "iPhone Developer";
				COPY_PHASE_STRIP = NO;
				DEBUG_INFORMATION_FORMAT = dwarf;
				ENABLE_STRICT_OBJC_MSGSEND = YES;
				ENABLE_TESTABILITY = YES;
				GCC_C_LANGUAGE_STANDARD = gnu11;
				GCC_DYNAMIC_NO_PIC = NO;
				GCC_NO_COMMON_BLOCKS = YES;
				GCC_OPTIMIZATION_LEVEL = 0;
				GCC_PREPROCESSOR_DEFINITIONS = (
					"DEBUG=1",
					"$(inherited)",
				);
				GCC_WARN_64_TO_32_BIT_CONVERSION = YES;
				GCC_WARN_ABOUT_RETURN_TYPE = YES_ERROR;
				GCC_WARN_UNDECLARED_SELECTOR = YES;
				GCC_WARN_UNINITIALIZED_AUTOS = YES_AGGRESSIVE;
				GCC_WARN_UNUSED_FUNCTION = YES;
				GCC_WARN_UNUSED_VARIABLE = YES;
				IPHONEOS_DEPLOYMENT_TARGET = 11.2;
				MTL_ENABLE_DEBUG_INFO = YES;
				ONLY_ACTIVE_ARCH = YES;
				SDKROOT = iphoneos;
			};
			name = Debug;
		};
		4369E1E42051CC7A005577B2 /* Release */ = {
			isa = XCBuildConfiguration;
			buildSettings = {
				ALWAYS_SEARCH_USER_PATHS = NO;
				CLANG_ANALYZER_NONNULL = YES;
				CLANG_ANALYZER_NUMBER_OBJECT_CONVERSION = YES_AGGRESSIVE;
				CLANG_CXX_LANGUAGE_STANDARD = "gnu++14";
				CLANG_CXX_LIBRARY = "libc++";
				CLANG_ENABLE_MODULES = YES;
				CLANG_ENABLE_OBJC_ARC = YES;
				CLANG_WARN_BLOCK_CAPTURE_AUTORELEASING = YES;
				CLANG_WARN_BOOL_CONVERSION = YES;
				CLANG_WARN_COMMA = YES;
				CLANG_WARN_CONSTANT_CONVERSION = YES;
				CLANG_WARN_DIRECT_OBJC_ISA_USAGE = YES_ERROR;
				CLANG_WARN_DOCUMENTATION_COMMENTS = YES;
				CLANG_WARN_EMPTY_BODY = YES;
				CLANG_WARN_ENUM_CONVERSION = YES;
				CLANG_WARN_INFINITE_RECURSION = YES;
				CLANG_WARN_INT_CONVERSION = YES;
				CLANG_WARN_NON_LITERAL_NULL_CONVERSION = YES;
				CLANG_WARN_OBJC_LITERAL_CONVERSION = YES;
				CLANG_WARN_OBJC_ROOT_CLASS = YES_ERROR;
				CLANG_WARN_RANGE_LOOP_ANALYSIS = YES;
				CLANG_WARN_STRICT_PROTOTYPES = YES;
				CLANG_WARN_SUSPICIOUS_MOVE = YES;
				CLANG_WARN_UNGUARDED_AVAILABILITY = YES_AGGRESSIVE;
				CLANG_WARN_UNREACHABLE_CODE = YES;
				CLANG_WARN__DUPLICATE_METHOD_MATCH = YES;
				CODE_SIGN_IDENTITY = "iPhone Developer";
				COPY_PHASE_STRIP = NO;
				DEBUG_INFORMATION_FORMAT = "dwarf-with-dsym";
				ENABLE_NS_ASSERTIONS = NO;
				ENABLE_STRICT_OBJC_MSGSEND = YES;
				GCC_C_LANGUAGE_STANDARD = gnu11;
				GCC_NO_COMMON_BLOCKS = YES;
				GCC_WARN_64_TO_32_BIT_CONVERSION = YES;
				GCC_WARN_ABOUT_RETURN_TYPE = YES_ERROR;
				GCC_WARN_UNDECLARED_SELECTOR = YES;
				GCC_WARN_UNINITIALIZED_AUTOS = YES_AGGRESSIVE;
				GCC_WARN_UNUSED_FUNCTION = YES;
				GCC_WARN_UNUSED_VARIABLE = YES;
				IPHONEOS_DEPLOYMENT_TARGET = 11.2;
				MTL_ENABLE_DEBUG_INFO = NO;
				SDKROOT = iphoneos;
				VALIDATE_PRODUCT = YES;
			};
			name = Release;
		};
		4369E1E62051CC7A005577B2 /* Debug */ = {
			isa = XCBuildConfiguration;
			buildSettings = {
				ASSETCATALOG_COMPILER_APPICON_NAME = AppIcon;
				CODE_SIGN_STYLE = Automatic;
				INFOPLIST_FILE = "Rock Tracks/Info.plist";
				IPHONEOS_DEPLOYMENT_TARGET = 9.3;
				LD_RUNPATH_SEARCH_PATHS = "$(inherited) @executable_path/Frameworks";
				PRODUCT_BUNDLE_IDENTIFIER = "BR.Rock-Tracks";
				PRODUCT_NAME = "$(TARGET_NAME)";
				TARGETED_DEVICE_FAMILY = "1,2";
			};
			name = Debug;
		};
		4369E1E72051CC7A005577B2 /* Release */ = {
			isa = XCBuildConfiguration;
			buildSettings = {
				ASSETCATALOG_COMPILER_APPICON_NAME = AppIcon;
				CODE_SIGN_STYLE = Automatic;
				INFOPLIST_FILE = "Rock Tracks/Info.plist";
				IPHONEOS_DEPLOYMENT_TARGET = 9.3;
				LD_RUNPATH_SEARCH_PATHS = "$(inherited) @executable_path/Frameworks";
				PRODUCT_BUNDLE_IDENTIFIER = "BR.Rock-Tracks";
				PRODUCT_NAME = "$(TARGET_NAME)";
				TARGETED_DEVICE_FAMILY = "1,2";
			};
			name = Release;
		};
		4369E1E92051CC7A005577B2 /* Debug */ = {
			isa = XCBuildConfiguration;
			buildSettings = {
				BUNDLE_LOADER = "$(TEST_HOST)";
				CODE_SIGN_STYLE = Automatic;
				INFOPLIST_FILE = "Rock TracksTests/Info.plist";
				LD_RUNPATH_SEARCH_PATHS = "$(inherited) @executable_path/Frameworks @loader_path/Frameworks";
				PRODUCT_BUNDLE_IDENTIFIER = "BR.Rock-TracksTests";
				PRODUCT_NAME = "$(TARGET_NAME)";
				TARGETED_DEVICE_FAMILY = "1,2";
				TEST_HOST = "$(BUILT_PRODUCTS_DIR)/Rock Tracks.app/Rock Tracks";
			};
			name = Debug;
		};
		4369E1EA2051CC7A005577B2 /* Release */ = {
			isa = XCBuildConfiguration;
			buildSettings = {
				BUNDLE_LOADER = "$(TEST_HOST)";
				CODE_SIGN_STYLE = Automatic;
				INFOPLIST_FILE = "Rock TracksTests/Info.plist";
				LD_RUNPATH_SEARCH_PATHS = "$(inherited) @executable_path/Frameworks @loader_path/Frameworks";
				PRODUCT_BUNDLE_IDENTIFIER = "BR.Rock-TracksTests";
				PRODUCT_NAME = "$(TARGET_NAME)";
				TARGETED_DEVICE_FAMILY = "1,2";
				TEST_HOST = "$(BUILT_PRODUCTS_DIR)/Rock Tracks.app/Rock Tracks";
			};
			name = Release;
		};
		4369E1EC2051CC7A005577B2 /* Debug */ = {
			isa = XCBuildConfiguration;
			buildSettings = {
				CODE_SIGN_STYLE = Automatic;
				INFOPLIST_FILE = "Rock TracksUITests/Info.plist";
				LD_RUNPATH_SEARCH_PATHS = "$(inherited) @executable_path/Frameworks @loader_path/Frameworks";
				PRODUCT_BUNDLE_IDENTIFIER = "BR.Rock-TracksUITests";
				PRODUCT_NAME = "$(TARGET_NAME)";
				TARGETED_DEVICE_FAMILY = "1,2";
				TEST_TARGET_NAME = "Rock Tracks";
			};
			name = Debug;
		};
		4369E1ED2051CC7A005577B2 /* Release */ = {
			isa = XCBuildConfiguration;
			buildSettings = {
				CODE_SIGN_STYLE = Automatic;
				INFOPLIST_FILE = "Rock TracksUITests/Info.plist";
				LD_RUNPATH_SEARCH_PATHS = "$(inherited) @executable_path/Frameworks @loader_path/Frameworks";
				PRODUCT_BUNDLE_IDENTIFIER = "BR.Rock-TracksUITests";
				PRODUCT_NAME = "$(TARGET_NAME)";
				TARGETED_DEVICE_FAMILY = "1,2";
				TEST_TARGET_NAME = "Rock Tracks";
			};
			name = Release;
		};
/* End XCBuildConfiguration section */

/* Begin XCConfigurationList section */
		4369E1B42051CC7A005577B2 /* Build configuration list for PBXProject "Rock Tracks" */ = {
			isa = XCConfigurationList;
			buildConfigurations = (
				4369E1E32051CC7A005577B2 /* Debug */,
				4369E1E42051CC7A005577B2 /* Release */,
			);
			defaultConfigurationIsVisible = 0;
			defaultConfigurationName = Release;
		};
		4369E1E52051CC7A005577B2 /* Build configuration list for PBXNativeTarget "Rock Tracks" */ = {
			isa = XCConfigurationList;
			buildConfigurations = (
				4369E1E62051CC7A005577B2 /* Debug */,
				4369E1E72051CC7A005577B2 /* Release */,
			);
			defaultConfigurationIsVisible = 0;
			defaultConfigurationName = Release;
		};
		4369E1E82051CC7A005577B2 /* Build configuration list for PBXNativeTarget "Rock TracksTests" */ = {
			isa = XCConfigurationList;
			buildConfigurations = (
				4369E1E92051CC7A005577B2 /* Debug */,
				4369E1EA2051CC7A005577B2 /* Release */,
			);
			defaultConfigurationIsVisible = 0;
			defaultConfigurationName = Release;
		};
		4369E1EB2051CC7A005577B2 /* Build configuration list for PBXNativeTarget "Rock TracksUITests" */ = {
			isa = XCConfigurationList;
			buildConfigurations = (
				4369E1EC2051CC7A005577B2 /* Debug */,
				4369E1ED2051CC7A005577B2 /* Release */,
			);
			defaultConfigurationIsVisible = 0;
			defaultConfigurationName = Release;
		};
/* End XCConfigurationList section */
	};
	rootObject = 4369E1B12051CC7A005577B2 /* Project object */;
}
